
Microsoft Visual Studio Solution File, Format Version 12.00
# Visual Studio Version 16
VisualStudioVersion = 16.0.30717.126
MinimumVisualStudioVersion = 10.0.40219.1
Project("{FAE04EC0-301F-11D3-BF4B-00C04F79EFBC}") = "ThunderSQLCore", "ThunderSQLCore\ThunderSQLCore.csproj", "{DAF996E2-701F-439E-8526-DFF871783FF3}"
EndProject
Project("{FAE04EC0-301F-11D3-BF4B-00C04F79EFBC}") = "ThunderSQLCore_Console", "ThunderSQLCore_Console\ThunderSQLCore_Console.csproj", "{EDE87550-130A-456B-8D1B-51D8EAC6968C}"
EndProject
Global
	GlobalSection(SolutionConfigurationPlatforms) = preSolution
		Debug|Any CPU = Debug|Any CPU
		Release|Any CPU = Release|Any CPU
	EndGlobalSection
	GlobalSection(ProjectConfigurationPlatforms) = postSolution
		{DAF996E2-701F-439E-8526-DFF871783FF3}.Debug|Any CPU.ActiveCfg = Debug|Any CPU
		{DAF996E2-701F-439E-8526-DFF871783FF3}.Debug|Any CPU.Build.0 = Debug|Any CPU
		{DAF996E2-701F-439E-8526-DFF871783FF3}.Release|Any CPU.ActiveCfg = Release|Any CPU
		{DAF996E2-701F-439E-8526-DFF871783FF3}.Release|Any CPU.Build.0 = Release|Any CPU
		{EDE87550-130A-456B-8D1B-51D8EAC6968C}.Debug|Any CPU.ActiveCfg = Debug|Any CPU
		{EDE87550-130A-456B-8D1B-51D8EAC6968C}.Debug|Any CPU.Build.0 = Debug|Any CPU
		{EDE87550-130A-456B-8D1B-51D8EAC6968C}.Release|Any CPU.ActiveCfg = Release|Any CPU
		{EDE87550-130A-456B-8D1B-51D8EAC6968C}.Release|Any CPU.Build.0 = Release|Any CPU
	EndGlobalSection
	GlobalSection(SolutionProperties) = preSolution
		HideSolutionNode = FALSE
	EndGlobalSection
	GlobalSection(ExtensibilityGlobals) = postSolution
		SolutionGuid = {124131CD-B0B2-47CF-A116-680597FC9ECE}
	EndGlobalSection
EndGlobal
